// !$*UTF8*$!
{
	archiveVersion = 1;
	classes = {
	};
	objectVersion = 50;
	objects = {

/* Begin PBXBuildFile section */
		DD6D437A2426DA3F0032830F /* AppDelegate.swift in Sources */ = {isa = PBXBuildFile; fileRef = DD6D43792426DA3F0032830F /* AppDelegate.swift */; };
		DD6D437C2426DA3F0032830F /* SceneDelegate.swift in Sources */ = {isa = PBXBuildFile; fileRef = DD6D437B2426DA3F0032830F /* SceneDelegate.swift */; };
		DD6D43812426DA3F0032830F /* Main.storyboard in Resources */ = {isa = PBXBuildFile; fileRef = DD6D437F2426DA3F0032830F /* Main.storyboard */; };
		DD6D43832426DA410032830F /* Assets.xcassets in Resources */ = {isa = PBXBuildFile; fileRef = DD6D43822426DA410032830F /* Assets.xcassets */; };
		DD6D43862426DA410032830F /* LaunchScreen.storyboard in Resources */ = {isa = PBXBuildFile; fileRef = DD6D43842426DA410032830F /* LaunchScreen.storyboard */; };
		DD6D43932426DAEA0032830F /* LoginController.swift in Sources */ = {isa = PBXBuildFile; fileRef = DD6D43922426DAEA0032830F /* LoginController.swift */; };
/* End PBXBuildFile section */

/* Begin PBXFileReference section */
		DD6D43762426DA3F0032830F /* Auber.app */ = {isa = PBXFileReference; explicitFileType = wrapper.application; includeInIndex = 0; path = Auber.app; sourceTree = BUILT_PRODUCTS_DIR; };
		DD6D43792426DA3F0032830F /* AppDelegate.swift */ = {isa = PBXFileReference; lastKnownFileType = sourcecode.swift; path = AppDelegate.swift; sourceTree = "<group>"; };
		DD6D437B2426DA3F0032830F /* SceneDelegate.swift */ = {isa = PBXFileReference; lastKnownFileType = sourcecode.swift; path = SceneDelegate.swift; sourceTree = "<group>"; };
		DD6D43802426DA3F0032830F /* Base */ = {isa = PBXFileReference; lastKnownFileType = file.storyboard; name = Base; path = Base.lproj/Main.storyboard; sourceTree = "<group>"; };
		DD6D43822426DA410032830F /* Assets.xcassets */ = {isa = PBXFileReference; lastKnownFileType = folder.assetcatalog; path = Assets.xcassets; sourceTree = "<group>"; };
		DD6D43852426DA410032830F /* Base */ = {isa = PBXFileReference; lastKnownFileType = file.storyboard; name = Base; path = Base.lproj/LaunchScreen.storyboard; sourceTree = "<group>"; };
		DD6D43872426DA410032830F /* Info.plist */ = {isa = PBXFileReference; lastKnownFileType = text.plist.xml; path = Info.plist; sourceTree = "<group>"; };
		DD6D43922426DAEA0032830F /* LoginController.swift */ = {isa = PBXFileReference; lastKnownFileType = sourcecode.swift; path = LoginController.swift; sourceTree = "<group>"; };
/* End PBXFileReference section */

/* Begin PBXFrameworksBuildPhase section */
		DD6D43732426DA3F0032830F /* Frameworks */ = {
			isa = PBXFrameworksBuildPhase;
			buildActionMask = 2147483647;
			files = (
			);
			runOnlyForDeploymentPostprocessing = 0;
		};
/* End PBXFrameworksBuildPhase section */

/* Begin PBXGroup section */
		DD6D436D2426DA3F0032830F = {
			isa = PBXGroup;
			children = (
				DD6D43782426DA3F0032830F /* Auber */,
				DD6D43772426DA3F0032830F /* Products */,
			);
			sourceTree = "<group>";
		};
		DD6D43772426DA3F0032830F /* Products */ = {
			isa = PBXGroup;
			children = (
				DD6D43762426DA3F0032830F /* Auber.app */,
			);
			name = Products;
			sourceTree = "<group>";
		};
		DD6D43782426DA3F0032830F /* Auber */ = {
			isa = PBXGroup;
			children = (
				DD6D43912426DA610032830F /* Model */,
				DD6D43902426DA5E0032830F /* View */,
				DD6D438F2426DA5B0032830F /* Controller */,
				DD6D438E2426DA580032830F /* Services */,
				DD6D438D2426DA550032830F /* Utilities */,
				DD6D43792426DA3F0032830F /* AppDelegate.swift */,
				DD6D437B2426DA3F0032830F /* SceneDelegate.swift */,
				DD6D437F2426DA3F0032830F /* Main.storyboard */,
				DD6D43822426DA410032830F /* Assets.xcassets */,
				DD6D43842426DA410032830F /* LaunchScreen.storyboard */,
				DD6D43872426DA410032830F /* Info.plist */,
			);
			path = Auber;
			sourceTree = "<group>";
		};
		DD6D438D2426DA550032830F /* Utilities */ = {
			isa = PBXGroup;
			children = (
			);
			path = Utilities;
			sourceTree = "<group>";
		};
		DD6D438E2426DA580032830F /* Services */ = {
			isa = PBXGroup;
			children = (
			);
			path = Services;
			sourceTree = "<group>";
		};
		DD6D438F2426DA5B0032830F /* Controller */ = {
			isa = PBXGroup;
			children = (
				DD6D43922426DAEA0032830F /* LoginController.swift */,
			);
			path = Controller;
			sourceTree = "<group>";
		};
		DD6D43902426DA5E0032830F /* View */ = {
			isa = PBXGroup;
			children = (
			);
			path = View;
			sourceTree = "<group>";
		};
		DD6D43912426DA610032830F /* Model */ = {
			isa = PBXGroup;
			children = (
			);
			path = Model;
			sourceTree = "<group>";
		};
/* End PBXGroup section */

/* Begin PBXNativeTarget section */
		DD6D43752426DA3F0032830F /* Auber */ = {
			isa = PBXNativeTarget;
			buildConfigurationList = DD6D438A2426DA410032830F /* Build configuration list for PBXNativeTarget "Auber" */;
			buildPhases = (
				DD6D43722426DA3F0032830F /* Sources */,
				DD6D43732426DA3F0032830F /* Frameworks */,
				DD6D43742426DA3F0032830F /* Resources */,
			);
			buildRules = (
			);
			dependencies = (
			);
			name = Auber;
			productName = Auber;
			productReference = DD6D43762426DA3F0032830F /* Auber.app */;
			productType = "com.apple.product-type.application";
		};
/* End PBXNativeTarget section */

/* Begin PBXProject section */
		DD6D436E2426DA3F0032830F /* Project object */ = {
			isa = PBXProject;
			attributes = {
				LastSwiftUpdateCheck = 1130;
				LastUpgradeCheck = 1130;
				ORGANIZATIONNAME = "My3 Shenoy";
				TargetAttributes = {
					DD6D43752426DA3F0032830F = {
						CreatedOnToolsVersion = 11.3.1;
					};
				};
			};
			buildConfigurationList = DD6D43712426DA3F0032830F /* Build configuration list for PBXProject "Auber" */;
			compatibilityVersion = "Xcode 9.3";
			developmentRegion = en;
			hasScannedForEncodings = 0;
			knownRegions = (
				en,
				Base,
			);
			mainGroup = DD6D436D2426DA3F0032830F;
			productRefGroup = DD6D43772426DA3F0032830F /* Products */;
			projectDirPath = "";
			projectRoot = "";
			targets = (
				DD6D43752426DA3F0032830F /* Auber */,
			);
		};
/* End PBXProject section */

/* Begin PBXResourcesBuildPhase section */
		DD6D43742426DA3F0032830F /* Resources */ = {
			isa = PBXResourcesBuildPhase;
			buildActionMask = 2147483647;
			files = (
				DD6D43862426DA410032830F /* LaunchScreen.storyboard in Resources */,
				DD6D43832426DA410032830F /* Assets.xcassets in Resources */,
				DD6D43812426DA3F0032830F /* Main.storyboard in Resources */,
			);
			runOnlyForDeploymentPostprocessing = 0;
		};
/* End PBXResourcesBuildPhase section */

/* Begin PBXSourcesBuildPhase section */
		DD6D43722426DA3F0032830F /* Sources */ = {
			isa = PBXSourcesBuildPhase;
			buildActionMask = 2147483647;
			files = (
				DD6D437A2426DA3F0032830F /* AppDelegate.swift in Sources */,
				DD6D43932426DAEA0032830F /* LoginController.swift in Sources */,
				DD6D437C2426DA3F0032830F /* SceneDelegate.swift in Sources */,
			);
			runOnlyForDeploymentPostprocessing = 0;
		};
/* End PBXSourcesBuildPhase section */

/* Begin PBXVariantGroup section */
		DD6D437F2426DA3F0032830F /* Main.storyboard */ = {
			isa = PBXVariantGroup;
			children = (
				DD6D43802426DA3F0032830F /* Base */,
			);
			name = Main.storyboard;
			sourceTree = "<group>";
		};
		DD6D43842426DA410032830F /* LaunchScreen.storyboard */ = {
			isa = PBXVariantGroup;
			children = (
				DD6D43852426DA410032830F /* Base */,
			);
			name = LaunchScreen.storyboard;
			sourceTree = "<group>";
		};
/* End PBXVariantGroup section */

/* Begin XCBuildConfiguration section */
		DD6D43882426DA410032830F /* Debug */ = {
			isa = XCBuildConfiguration;
			buildSettings = {
				ALWAYS_SEARCH_USER_PATHS = NO;
				CLANG_ANALYZER_NONNULL = YES;
				CLANG_ANALYZER_NUMBER_OBJECT_CONVERSION = YES_AGGRESSIVE;
				CLANG_CXX_LANGUAGE_STANDARD = "gnu++14";
				CLANG_CXX_LIBRARY = "libc++";
				CLANG_ENABLE_MODULES = YES;
				CLANG_ENABLE_OBJC_ARC = YES;
				CLANG_ENABLE_OBJC_WEAK = YES;
				CLANG_WARN_BLOCK_CAPTURE_AUTORELEASING = YES;
				CLANG_WARN_BOOL_CONVERSION = YES;
				CLANG_WARN_COMMA = YES;
				CLANG_WARN_CONSTANT_CONVERSION = YES;
				CLANG_WARN_DEPRECATED_OBJC_IMPLEMENTATIONS = YES;
				CLANG_WARN_DIRECT_OBJC_ISA_USAGE = YES_ERROR;
				CLANG_WARN_DOCUMENTATION_COMMENTS = YES;
				CLANG_WARN_EMPTY_BODY = YES;
				CLANG_WARN_ENUM_CONVERSION = YES;
				CLANG_WARN_INFINITE_RECURSION = YES;
				CLANG_WARN_INT_CONVERSION = YES;
				CLANG_WARN_NON_LITERAL_NULL_CONVERSION = YES;
				CLANG_WARN_OBJC_IMPLICIT_RETAIN_SELF = YES;
				CLANG_WARN_OBJC_LITERAL_CONVERSION = YES;
				CLANG_WARN_OBJC_ROOT_CLASS = YES_ERROR;
				CLANG_WARN_RANGE_LOOP_ANALYSIS = YES;
				CLANG_WARN_STRICT_PROTOTYPES = YES;
				CLANG_WARN_SUSPICIOUS_MOVE = YES;
				CLANG_WARN_UNGUARDED_AVAILABILITY = YES_AGGRESSIVE;
				CLANG_WARN_UNREACHABLE_CODE = YES;
				CLANG_WARN__DUPLICATE_METHOD_MATCH = YES;
				COPY_PHASE_STRIP = NO;
				DEBUG_INFORMATION_FORMAT = dwarf;
				ENABLE_STRICT_OBJC_MSGSEND = YES;
				ENABLE_TESTABILITY = YES;
				GCC_C_LANGUAGE_STANDARD = gnu11;
				GCC_DYNAMIC_NO_PIC = NO;
				GCC_NO_COMMON_BLOCKS = YES;
				GCC_OPTIMIZATION_LEVEL = 0;
				GCC_PREPROCESSOR_DEFINITIONS = (
					"DEBUG=1",
					"$(inherited)",
				);
				GCC_WARN_64_TO_32_BIT_CONVERSION = YES;
				GCC_WARN_ABOUT_RETURN_TYPE = YES_ERROR;
				GCC_WARN_UNDECLARED_SELECTOR = YES;
				GCC_WARN_UNINITIALIZED_AUTOS = YES_AGGRESSIVE;
				GCC_WARN_UNUSED_FUNCTION = YES;
				GCC_WARN_UNUSED_VARIABLE = YES;
				IPHONEOS_DEPLOYMENT_TARGET = 13.2;
				MTL_ENABLE_DEBUG_INFO = INCLUDE_SOURCE;
				MTL_FAST_MATH = YES;
				ONLY_ACTIVE_ARCH = YES;
				SDKROOT = iphoneos;
				SWIFT_ACTIVE_COMPILATION_CONDITIONS = DEBUG;
				SWIFT_OPTIMIZATION_LEVEL = "-Onone";
			};
			name = Debug;
		};
		DD6D43892426DA410032830F /* Release */ = {
			isa = XCBuildConfiguration;
			buildSettings = {
				ALWAYS_SEARCH_USER_PATHS = NO;
				CLANG_ANALYZER_NONNULL = YES;
				CLANG_ANALYZER_NUMBER_OBJECT_CONVERSION = YES_AGGRESSIVE;
				CLANG_CXX_LANGUAGE_STANDARD = "gnu++14";
				CLANG_CXX_LIBRARY = "libc++";
				CLANG_ENABLE_MODULES = YES;
				CLANG_ENABLE_OBJC_ARC = YES;
				CLANG_ENABLE_OBJC_WEAK = YES;
				CLANG_WARN_BLOCK_CAPTURE_AUTORELEASING = YES;
				CLANG_WARN_BOOL_CONVERSION = YES;
				CLANG_WARN_COMMA = YES;
				CLANG_WARN_CONSTANT_CONVERSION = YES;
				CLANG_WARN_DEPRECATED_OBJC_IMPLEMENTATIONS = YES;
				CLANG_WARN_DIRECT_OBJC_ISA_USAGE = YES_ERROR;
				CLANG_WARN_DOCUMENTATION_COMMENTS = YES;
				CLANG_WARN_EMPTY_BODY = YES;
				CLANG_WARN_ENUM_CONVERSION = YES;
				CLANG_WARN_INFINITE_RECURSION = YES;
				CLANG_WARN_INT_CONVERSION = YES;
				CLANG_WARN_NON_LITERAL_NULL_CONVERSION = YES;
				CLANG_WARN_OBJC_IMPLICIT_RETAIN_SELF = YES;
				CLANG_WARN_OBJC_LITERAL_CONVERSION = YES;
				CLANG_WARN_OBJC_ROOT_CLASS = YES_ERROR;
				CLANG_WARN_RANGE_LOOP_ANALYSIS = YES;
				CLANG_WARN_STRICT_PROTOTYPES = YES;
				CLANG_WARN_SUSPICIOUS_MOVE = YES;
				CLANG_WARN_UNGUARDED_AVAILABILITY = YES_AGGRESSIVE;
				CLANG_WARN_UNREACHABLE_CODE = YES;
				CLANG_WARN__DUPLICATE_METHOD_MATCH = YES;
				COPY_PHASE_STRIP = NO;
				DEBUG_INFORMATION_FORMAT = "dwarf-with-dsym";
				ENABLE_NS_ASSERTIONS = NO;
				ENABLE_STRICT_OBJC_MSGSEND = YES;
				GCC_C_LANGUAGE_STANDARD = gnu11;
				GCC_NO_COMMON_BLOCKS = YES;
				GCC_WARN_64_TO_32_BIT_CONVERSION = YES;
				GCC_WARN_ABOUT_RETURN_TYPE = YES_ERROR;
				GCC_WARN_UNDECLARED_SELECTOR = YES;
				GCC_WARN_UNINITIALIZED_AUTOS = YES_AGGRESSIVE;
				GCC_WARN_UNUSED_FUNCTION = YES;
				GCC_WARN_UNUSED_VARIABLE = YES;
				IPHONEOS_DEPLOYMENT_TARGET = 13.2;
				MTL_ENABLE_DEBUG_INFO = NO;
				MTL_FAST_MATH = YES;
				SDKROOT = iphoneos;
				SWIFT_COMPILATION_MODE = wholemodule;
				SWIFT_OPTIMIZATION_LEVEL = "-O";
				VALIDATE_PRODUCT = YES;
			};
			name = Release;
		};
		DD6D438B2426DA410032830F /* Debug */ = {
			isa = XCBuildConfiguration;
			buildSettings = {
				ASSETCATALOG_COMPILER_APPICON_NAME = AppIcon;
				CODE_SIGN_STYLE = Automatic;
				INFOPLIST_FILE = Auber/Info.plist;
				LD_RUNPATH_SEARCH_PATHS = (
					"$(inherited)",
					"@executable_path/Frameworks",
				);
				PRODUCT_BUNDLE_IDENTIFIER = iFanatic.Auber;
				PRODUCT_NAME = "$(TARGET_NAME)";
				SWIFT_VERSION = 5.0;
				TARGETED_DEVICE_FAMILY = "1,2";
			};
			name = Debug;
		};
		DD6D438C2426DA410032830F /* Release */ = {
			isa = XCBuildConfiguration;
			buildSettings = {
				ASSETCATALOG_COMPILER_APPICON_NAME = AppIcon;
				CODE_SIGN_STYLE = Automatic;
				INFOPLIST_FILE = Auber/Info.plist;
				LD_RUNPATH_SEARCH_PATHS = (
					"$(inherited)",
					"@executable_path/Frameworks",
				);
				PRODUCT_BUNDLE_IDENTIFIER = iFanatic.Auber;
				PRODUCT_NAME = "$(TARGET_NAME)";
				SWIFT_VERSION = 5.0;
				TARGETED_DEVICE_FAMILY = "1,2";
			};
			name = Release;
		};
/* End XCBuildConfiguration section */

/* Begin XCConfigurationList section */
		DD6D43712426DA3F0032830F /* Build configuration list for PBXProject "Auber" */ = {
			isa = XCConfigurationList;
			buildConfigurations = (
				DD6D43882426DA410032830F /* Debug */,
				DD6D43892426DA410032830F /* Release */,
			);
			defaultConfigurationIsVisible = 0;
			defaultConfigurationName = Release;
		};
		DD6D438A2426DA410032830F /* Build configuration list for PBXNativeTarget "Auber" */ = {
			isa = XCConfigurationList;
			buildConfigurations = (
				DD6D438B2426DA410032830F /* Debug */,
				DD6D438C2426DA410032830F /* Release */,
			);
			defaultConfigurationIsVisible = 0;
			defaultConfigurationName = Release;
		};
/* End XCConfigurationList section */
	};
	rootObject = DD6D436E2426DA3F0032830F /* Project object */;
}
