// !$*UTF8*$!
{
	archiveVersion = 1;
	classes = {
	};
	objectVersion = 48;
	objects = {

/* Begin PBXBuildFile section */
		215FBB501FF56BC000774D84 /* BullsEye.html in Resources */ = {isa = PBXBuildFile; fileRef = 215FBB4F1FF56BC000774D84 /* BullsEye.html */; };
		21AC1D9E1FF3FDBF00A54259 /* AppDelegate.swift in Sources */ = {isa = PBXBuildFile; fileRef = 21AC1D9D1FF3FDBF00A54259 /* AppDelegate.swift */; };
		21AC1DA01FF3FDBF00A54259 /* ViewController.swift in Sources */ = {isa = PBXBuildFile; fileRef = 21AC1D9F1FF3FDBF00A54259 /* ViewController.swift */; };
		21AC1DA31FF3FDBF00A54259 /* Main.storyboard in Resources */ = {isa = PBXBuildFile; fileRef = 21AC1DA11FF3FDBF00A54259 /* Main.storyboard */; };
		21AC1DA51FF3FDBF00A54259 /* Assets.xcassets in Resources */ = {isa = PBXBuildFile; fileRef = 21AC1DA41FF3FDBF00A54259 /* Assets.xcassets */; };
		21AC1DA81FF3FDBF00A54259 /* LaunchScreen.storyboard in Resources */ = {isa = PBXBuildFile; fileRef = 21AC1DA61FF3FDBF00A54259 /* LaunchScreen.storyboard */; };
		21AC1DB01FF5685F00A54259 /* AboutViewController.swift in Sources */ = {isa = PBXBuildFile; fileRef = 21AC1DAF1FF5685F00A54259 /* AboutViewController.swift */; };
/* End PBXBuildFile section */

/* Begin PBXFileReference section */
		215FBB4F1FF56BC000774D84 /* BullsEye.html */ = {isa = PBXFileReference; fileEncoding = 4; lastKnownFileType = text.html; name = BullsEye.html; path = "../../Tutorials/iOS_Apprentice_v6.0_newsletter/getting-started/Resources/BullsEye.html"; sourceTree = "<group>"; };
		21AC1D9A1FF3FDBF00A54259 /* BullsEye.app */ = {isa = PBXFileReference; explicitFileType = wrapper.application; includeInIndex = 0; path = BullsEye.app; sourceTree = BUILT_PRODUCTS_DIR; };
		21AC1D9D1FF3FDBF00A54259 /* AppDelegate.swift */ = {isa = PBXFileReference; lastKnownFileType = sourcecode.swift; path = AppDelegate.swift; sourceTree = "<group>"; };
		21AC1D9F1FF3FDBF00A54259 /* ViewController.swift */ = {isa = PBXFileReference; lastKnownFileType = sourcecode.swift; path = ViewController.swift; sourceTree = "<group>"; };
		21AC1DA21FF3FDBF00A54259 /* Base */ = {isa = PBXFileReference; lastKnownFileType = file.storyboard; name = Base; path = Base.lproj/Main.storyboard; sourceTree = "<group>"; };
		21AC1DA41FF3FDBF00A54259 /* Assets.xcassets */ = {isa = PBXFileReference; lastKnownFileType = folder.assetcatalog; path = Assets.xcassets; sourceTree = "<group>"; };
		21AC1DA71FF3FDBF00A54259 /* Base */ = {isa = PBXFileReference; lastKnownFileType = file.storyboard; name = Base; path = Base.lproj/LaunchScreen.storyboard; sourceTree = "<group>"; };
		21AC1DA91FF3FDBF00A54259 /* Info.plist */ = {isa = PBXFileReference; lastKnownFileType = text.plist.xml; path = Info.plist; sourceTree = "<group>"; };
		21AC1DAF1FF5685F00A54259 /* AboutViewController.swift */ = {isa = PBXFileReference; lastKnownFileType = sourcecode.swift; path = AboutViewController.swift; sourceTree = "<group>"; };
/* End PBXFileReference section */

/* Begin PBXFrameworksBuildPhase section */
		21AC1D971FF3FDBE00A54259 /* Frameworks */ = {
			isa = PBXFrameworksBuildPhase;
			buildActionMask = 2147483647;
			files = (
			);
			runOnlyForDeploymentPostprocessing = 0;
		};
/* End PBXFrameworksBuildPhase section */

/* Begin PBXGroup section */
		21AC1D911FF3FDBE00A54259 = {
			isa = PBXGroup;
			children = (
				215FBB4F1FF56BC000774D84 /* BullsEye.html */,
				21AC1D9C1FF3FDBF00A54259 /* BullsEye */,
				21AC1D9B1FF3FDBF00A54259 /* Products */,
			);
			sourceTree = "<group>";
		};
		21AC1D9B1FF3FDBF00A54259 /* Products */ = {
			isa = PBXGroup;
			children = (
				21AC1D9A1FF3FDBF00A54259 /* BullsEye.app */,
			);
			name = Products;
			sourceTree = "<group>";
		};
		21AC1D9C1FF3FDBF00A54259 /* BullsEye */ = {
			isa = PBXGroup;
			children = (
				21AC1D9D1FF3FDBF00A54259 /* AppDelegate.swift */,
				21AC1D9F1FF3FDBF00A54259 /* ViewController.swift */,
				21AC1DAF1FF5685F00A54259 /* AboutViewController.swift */,
				21AC1DA11FF3FDBF00A54259 /* Main.storyboard */,
				21AC1DA41FF3FDBF00A54259 /* Assets.xcassets */,
				21AC1DA61FF3FDBF00A54259 /* LaunchScreen.storyboard */,
				21AC1DA91FF3FDBF00A54259 /* Info.plist */,
			);
			path = BullsEye;
			sourceTree = "<group>";
		};
/* End PBXGroup section */

/* Begin PBXNativeTarget section */
		21AC1D991FF3FDBE00A54259 /* BullsEye */ = {
			isa = PBXNativeTarget;
			buildConfigurationList = 21AC1DAC1FF3FDBF00A54259 /* Build configuration list for PBXNativeTarget "BullsEye" */;
			buildPhases = (
				21AC1D961FF3FDBE00A54259 /* Sources */,
				21AC1D971FF3FDBE00A54259 /* Frameworks */,
				21AC1D981FF3FDBE00A54259 /* Resources */,
			);
			buildRules = (
			);
			dependencies = (
			);
			name = BullsEye;
			productName = BullsEye;
			productReference = 21AC1D9A1FF3FDBF00A54259 /* BullsEye.app */;
			productType = "com.apple.product-type.application";
		};
/* End PBXNativeTarget section */

/* Begin PBXProject section */
		21AC1D921FF3FDBE00A54259 /* Project object */ = {
			isa = PBXProject;
			attributes = {
				LastSwiftUpdateCheck = 0920;
				LastUpgradeCheck = 0920;
				ORGANIZATIONNAME = com.aarven;
				TargetAttributes = {
					21AC1D991FF3FDBE00A54259 = {
						CreatedOnToolsVersion = 9.2;
						ProvisioningStyle = Automatic;
					};
				};
			};
			buildConfigurationList = 21AC1D951FF3FDBE00A54259 /* Build configuration list for PBXProject "BullsEye" */;
			compatibilityVersion = "Xcode 8.0";
			developmentRegion = en;
			hasScannedForEncodings = 0;
			knownRegions = (
				en,
				Base,
			);
			mainGroup = 21AC1D911FF3FDBE00A54259;
			productRefGroup = 21AC1D9B1FF3FDBF00A54259 /* Products */;
			projectDirPath = "";
			projectRoot = "";
			targets = (
				21AC1D991FF3FDBE00A54259 /* BullsEye */,
			);
		};
/* End PBXProject section */

/* Begin PBXResourcesBuildPhase section */
		21AC1D981FF3FDBE00A54259 /* Resources */ = {
			isa = PBXResourcesBuildPhase;
			buildActionMask = 2147483647;
			files = (
				21AC1DA81FF3FDBF00A54259 /* LaunchScreen.storyboard in Resources */,
				215FBB501FF56BC000774D84 /* BullsEye.html in Resources */,
				21AC1DA51FF3FDBF00A54259 /* Assets.xcassets in Resources */,
				21AC1DA31FF3FDBF00A54259 /* Main.storyboard in Resources */,
			);
			runOnlyForDeploymentPostprocessing = 0;
		};
/* End PBXResourcesBuildPhase section */

/* Begin PBXSourcesBuildPhase section */
		21AC1D961FF3FDBE00A54259 /* Sources */ = {
			isa = PBXSourcesBuildPhase;
			buildActionMask = 2147483647;
			files = (
				21AC1DB01FF5685F00A54259 /* AboutViewController.swift in Sources */,
				21AC1DA01FF3FDBF00A54259 /* ViewController.swift in Sources */,
				21AC1D9E1FF3FDBF00A54259 /* AppDelegate.swift in Sources */,
			);
			runOnlyForDeploymentPostprocessing = 0;
		};
/* End PBXSourcesBuildPhase section */

/* Begin PBXVariantGroup section */
		21AC1DA11FF3FDBF00A54259 /* Main.storyboard */ = {
			isa = PBXVariantGroup;
			children = (
				21AC1DA21FF3FDBF00A54259 /* Base */,
			);
			name = Main.storyboard;
			sourceTree = "<group>";
		};
		21AC1DA61FF3FDBF00A54259 /* LaunchScreen.storyboard */ = {
			isa = PBXVariantGroup;
			children = (
				21AC1DA71FF3FDBF00A54259 /* Base */,
			);
			name = LaunchScreen.storyboard;
			sourceTree = "<group>";
		};
/* End PBXVariantGroup section */

/* Begin XCBuildConfiguration section */
		21AC1DAA1FF3FDBF00A54259 /* Debug */ = {
			isa = XCBuildConfiguration;
			buildSettings = {
				ALWAYS_SEARCH_USER_PATHS = NO;
				CLANG_ANALYZER_NONNULL = YES;
				CLANG_ANALYZER_NUMBER_OBJECT_CONVERSION = YES_AGGRESSIVE;
				CLANG_CXX_LANGUAGE_STANDARD = "gnu++14";
				CLANG_CXX_LIBRARY = "libc++";
				CLANG_ENABLE_MODULES = YES;
				CLANG_ENABLE_OBJC_ARC = YES;
				CLANG_WARN_BLOCK_CAPTURE_AUTORELEASING = YES;
				CLANG_WARN_BOOL_CONVERSION = YES;
				CLANG_WARN_COMMA = YES;
				CLANG_WARN_CONSTANT_CONVERSION = YES;
				CLANG_WARN_DIRECT_OBJC_ISA_USAGE = YES_ERROR;
				CLANG_WARN_DOCUMENTATION_COMMENTS = YES;
				CLANG_WARN_EMPTY_BODY = YES;
				CLANG_WARN_ENUM_CONVERSION = YES;
				CLANG_WARN_INFINITE_RECURSION = YES;
				CLANG_WARN_INT_CONVERSION = YES;
				CLANG_WARN_NON_LITERAL_NULL_CONVERSION = YES;
				CLANG_WARN_OBJC_LITERAL_CONVERSION = YES;
				CLANG_WARN_OBJC_ROOT_CLASS = YES_ERROR;
				CLANG_WARN_RANGE_LOOP_ANALYSIS = YES;
				CLANG_WARN_STRICT_PROTOTYPES = YES;
				CLANG_WARN_SUSPICIOUS_MOVE = YES;
				CLANG_WARN_UNGUARDED_AVAILABILITY = YES_AGGRESSIVE;
				CLANG_WARN_UNREACHABLE_CODE = YES;
				CLANG_WARN__DUPLICATE_METHOD_MATCH = YES;
				CODE_SIGN_IDENTITY = "iPhone Developer";
				COPY_PHASE_STRIP = NO;
				DEBUG_INFORMATION_FORMAT = dwarf;
				ENABLE_STRICT_OBJC_MSGSEND = YES;
				ENABLE_TESTABILITY = YES;
				GCC_C_LANGUAGE_STANDARD = gnu11;
				GCC_DYNAMIC_NO_PIC = NO;
				GCC_NO_COMMON_BLOCKS = YES;
				GCC_OPTIMIZATION_LEVEL = 0;
				GCC_PREPROCESSOR_DEFINITIONS = (
					"DEBUG=1",
					"$(inherited)",
				);
				GCC_WARN_64_TO_32_BIT_CONVERSION = YES;
				GCC_WARN_ABOUT_RETURN_TYPE = YES_ERROR;
				GCC_WARN_UNDECLARED_SELECTOR = YES;
				GCC_WARN_UNINITIALIZED_AUTOS = YES_AGGRESSIVE;
				GCC_WARN_UNUSED_FUNCTION = YES;
				GCC_WARN_UNUSED_VARIABLE = YES;
				IPHONEOS_DEPLOYMENT_TARGET = 11.2;
				MTL_ENABLE_DEBUG_INFO = YES;
				ONLY_ACTIVE_ARCH = YES;
				SDKROOT = iphoneos;
				SWIFT_ACTIVE_COMPILATION_CONDITIONS = DEBUG;
				SWIFT_OPTIMIZATION_LEVEL = "-Onone";
			};
			name = Debug;
		};
		21AC1DAB1FF3FDBF00A54259 /* Release */ = {
			isa = XCBuildConfiguration;
			buildSettings = {
				ALWAYS_SEARCH_USER_PATHS = NO;
				CLANG_ANALYZER_NONNULL = YES;
				CLANG_ANALYZER_NUMBER_OBJECT_CONVERSION = YES_AGGRESSIVE;
				CLANG_CXX_LANGUAGE_STANDARD = "gnu++14";
				CLANG_CXX_LIBRARY = "libc++";
				CLANG_ENABLE_MODULES = YES;
				CLANG_ENABLE_OBJC_ARC = YES;
				CLANG_WARN_BLOCK_CAPTURE_AUTORELEASING = YES;
				CLANG_WARN_BOOL_CONVERSION = YES;
				CLANG_WARN_COMMA = YES;
				CLANG_WARN_CONSTANT_CONVERSION = YES;
				CLANG_WARN_DIRECT_OBJC_ISA_USAGE = YES_ERROR;
				CLANG_WARN_DOCUMENTATION_COMMENTS = YES;
				CLANG_WARN_EMPTY_BODY = YES;
				CLANG_WARN_ENUM_CONVERSION = YES;
				CLANG_WARN_INFINITE_RECURSION = YES;
				CLANG_WARN_INT_CONVERSION = YES;
				CLANG_WARN_NON_LITERAL_NULL_CONVERSION = YES;
				CLANG_WARN_OBJC_LITERAL_CONVERSION = YES;
				CLANG_WARN_OBJC_ROOT_CLASS = YES_ERROR;
				CLANG_WARN_RANGE_LOOP_ANALYSIS = YES;
				CLANG_WARN_STRICT_PROTOTYPES = YES;
				CLANG_WARN_SUSPICIOUS_MOVE = YES;
				CLANG_WARN_UNGUARDED_AVAILABILITY = YES_AGGRESSIVE;
				CLANG_WARN_UNREACHABLE_CODE = YES;
				CLANG_WARN__DUPLICATE_METHOD_MATCH = YES;
				CODE_SIGN_IDENTITY = "iPhone Developer";
				COPY_PHASE_STRIP = NO;
				DEBUG_INFORMATION_FORMAT = "dwarf-with-dsym";
				ENABLE_NS_ASSERTIONS = NO;
				ENABLE_STRICT_OBJC_MSGSEND = YES;
				GCC_C_LANGUAGE_STANDARD = gnu11;
				GCC_NO_COMMON_BLOCKS = YES;
				GCC_WARN_64_TO_32_BIT_CONVERSION = YES;
				GCC_WARN_ABOUT_RETURN_TYPE = YES_ERROR;
				GCC_WARN_UNDECLARED_SELECTOR = YES;
				GCC_WARN_UNINITIALIZED_AUTOS = YES_AGGRESSIVE;
				GCC_WARN_UNUSED_FUNCTION = YES;
				GCC_WARN_UNUSED_VARIABLE = YES;
				IPHONEOS_DEPLOYMENT_TARGET = 11.2;
				MTL_ENABLE_DEBUG_INFO = NO;
				SDKROOT = iphoneos;
				SWIFT_OPTIMIZATION_LEVEL = "-Owholemodule";
				VALIDATE_PRODUCT = YES;
			};
			name = Release;
		};
		21AC1DAD1FF3FDBF00A54259 /* Debug */ = {
			isa = XCBuildConfiguration;
			buildSettings = {
				ASSETCATALOG_COMPILER_APPICON_NAME = AppIcon;
				CODE_SIGN_STYLE = Automatic;
				INFOPLIST_FILE = BullsEye/Info.plist;
				LD_RUNPATH_SEARCH_PATHS = "$(inherited) @executable_path/Frameworks";
				PRODUCT_BUNDLE_IDENTIFIER = aarven.BullsEye;
				PRODUCT_NAME = "$(TARGET_NAME)";
				SWIFT_VERSION = 4.0;
				TARGETED_DEVICE_FAMILY = "1,2";
			};
			name = Debug;
		};
		21AC1DAE1FF3FDBF00A54259 /* Release */ = {
			isa = XCBuildConfiguration;
			buildSettings = {
				ASSETCATALOG_COMPILER_APPICON_NAME = AppIcon;
				CODE_SIGN_STYLE = Automatic;
				INFOPLIST_FILE = BullsEye/Info.plist;
				LD_RUNPATH_SEARCH_PATHS = "$(inherited) @executable_path/Frameworks";
				PRODUCT_BUNDLE_IDENTIFIER = aarven.BullsEye;
				PRODUCT_NAME = "$(TARGET_NAME)";
				SWIFT_VERSION = 4.0;
				TARGETED_DEVICE_FAMILY = "1,2";
			};
			name = Release;
		};
/* End XCBuildConfiguration section */

/* Begin XCConfigurationList section */
		21AC1D951FF3FDBE00A54259 /* Build configuration list for PBXProject "BullsEye" */ = {
			isa = XCConfigurationList;
			buildConfigurations = (
				21AC1DAA1FF3FDBF00A54259 /* Debug */,
				21AC1DAB1FF3FDBF00A54259 /* Release */,
			);
			defaultConfigurationIsVisible = 0;
			defaultConfigurationName = Release;
		};
		21AC1DAC1FF3FDBF00A54259 /* Build configuration list for PBXNativeTarget "BullsEye" */ = {
			isa = XCConfigurationList;
			buildConfigurations = (
				21AC1DAD1FF3FDBF00A54259 /* Debug */,
				21AC1DAE1FF3FDBF00A54259 /* Release */,
			);
			defaultConfigurationIsVisible = 0;
			defaultConfigurationName = Release;
		};
/* End XCConfigurationList section */
	};
	rootObject = 21AC1D921FF3FDBE00A54259 /* Project object */;
}
